
Microsoft Visual Studio Solution File, Format Version 12.00
# Visual Studio 15
Project("{FAE04EC0-301F-11D3-BF4B-00C04F79EFBC}") = "Assembly-CSharp", "Assembly-CSharp.csproj", "{9AAD55BB-2E69-7AE1-ACA7-F789974EF72C}"
EndProject
Project("{FAE04EC0-301F-11D3-BF4B-00C04F79EFBC}") = "Assembly-CSharp-Editor", "Assembly-CSharp-Editor.csproj", "{EEB6B827-F9B9-7A88-E67A-2E356D5C19D6}"
EndProject
Global
	GlobalSection(SolutionConfigurationPlatforms) = preSolution
		Debug|Any CPU = Debug|Any CPU
		Release|Any CPU = Release|Any CPU
	EndGlobalSection
	GlobalSection(ProjectConfigurationPlatforms) = postSolution
		{9AAD55BB-2E69-7AE1-ACA7-F789974EF72C}.Debug|Any CPU.ActiveCfg = Debug|Any CPU
		{9AAD55BB-2E69-7AE1-ACA7-F789974EF72C}.Debug|Any CPU.Build.0 = Debug|Any CPU
		{9AAD55BB-2E69-7AE1-ACA7-F789974EF72C}.Release|Any CPU.ActiveCfg = Release|Any CPU
		{9AAD55BB-2E69-7AE1-ACA7-F789974EF72C}.Release|Any CPU.Build.0 = Release|Any CPU
		{EEB6B827-F9B9-7A88-E67A-2E356D5C19D6}.Debug|Any CPU.ActiveCfg = Debug|Any CPU
		{EEB6B827-F9B9-7A88-E67A-2E356D5C19D6}.Debug|Any CPU.Build.0 = Debug|Any CPU
		{EEB6B827-F9B9-7A88-E67A-2E356D5C19D6}.Release|Any CPU.ActiveCfg = Release|Any CPU
		{EEB6B827-F9B9-7A88-E67A-2E356D5C19D6}.Release|Any CPU.Build.0 = Release|Any CPU
	EndGlobalSection
	GlobalSection(SolutionProperties) = preSolution
		HideSolutionNode = FALSE
	EndGlobalSection
EndGlobal
